
Microsoft Visual Studio Solution File, Format Version 12.00
# Visual Studio Version 17
VisualStudioVersion = 17.5.33424.131
MinimumVisualStudioVersion = 10.0.40219.1
Project("{FAE04EC0-301F-11D3-BF4B-00C04F79EFBC}") = "TestGithub", "TestGithub\TestGithub.csproj", "{2AE72D24-1CAC-4650-9796-A79D857BB71C}"
EndProject
Global
	GlobalSection(SolutionConfigurationPlatforms) = preSolution
		Debug|Any CPU = Debug|Any CPU
		Release|Any CPU = Release|Any CPU
	EndGlobalSection
	GlobalSection(ProjectConfigurationPlatforms) = postSolution
		{2AE72D24-1CAC-4650-9796-A79D857BB71C}.Debug|Any CPU.ActiveCfg = Debug|Any CPU
		{2AE72D24-1CAC-4650-9796-A79D857BB71C}.Debug|Any CPU.Build.0 = Debug|Any CPU
		{2AE72D24-1CAC-4650-9796-A79D857BB71C}.Release|Any CPU.ActiveCfg = Release|Any CPU
		{2AE72D24-1CAC-4650-9796-A79D857BB71C}.Release|Any CPU.Build.0 = Release|Any CPU
	EndGlobalSection
	GlobalSection(SolutionProperties) = preSolution
		HideSolutionNode = FALSE
	EndGlobalSection
	GlobalSection(ExtensibilityGlobals) = postSolution
		SolutionGuid = {9731CA0C-182D-4EC7-BCEF-607DBDBF0837}
	EndGlobalSection
EndGlobal
